// !$*UTF8*$!
{
	archiveVersion = 1;
	classes = {
	};
	objectVersion = 56;
	objects = {

/* Begin PBXBuildFile section */
		742121982915B4FA0049058C /* data.json in Resources */ = {isa = PBXBuildFile; fileRef = 742121962915B4FA0049058C /* data.json */; };
		742121992915B4FA0049058C /* style.html in Resources */ = {isa = PBXBuildFile; fileRef = 742121972915B4FA0049058C /* style.html */; };
		7421219B2915B8600049058C /* Models.swift in Sources */ = {isa = PBXBuildFile; fileRef = 7421219A2915B8600049058C /* Models.swift */; };
		7430EA9C29297E7C00D2156C /* Constants.swift in Sources */ = {isa = PBXBuildFile; fileRef = 7430EA9B29297E7C00D2156C /* Constants.swift */; };
		74576DC0290EDCDB00A761B4 /* LearningApp_CWC_5App.swift in Sources */ = {isa = PBXBuildFile; fileRef = 74576DBF290EDCDB00A761B4 /* LearningApp_CWC_5App.swift */; };
		74576DC2290EDCDB00A761B4 /* HomeView.swift in Sources */ = {isa = PBXBuildFile; fileRef = 74576DC1290EDCDB00A761B4 /* HomeView.swift */; };
		74576DC4290EDCE000A761B4 /* Assets.xcassets in Resources */ = {isa = PBXBuildFile; fileRef = 74576DC3290EDCE000A761B4 /* Assets.xcassets */; };
		74576DC7290EDCE000A761B4 /* Preview Assets.xcassets in Resources */ = {isa = PBXBuildFile; fileRef = 74576DC6290EDCE000A761B4 /* Preview Assets.xcassets */; };
		74576DD3290EDEF900A761B4 /* ContentViewModel.swift in Sources */ = {isa = PBXBuildFile; fileRef = 74576DD2290EDEF900A761B4 /* ContentViewModel.swift */; };
		749EF05C2926F34300E6AECF /* ContentDetailView.swift in Sources */ = {isa = PBXBuildFile; fileRef = 749EF05B2926F34300E6AECF /* ContentDetailView.swift */; };
		749EF05F2926F5F300E6AECF /* AVKit.framework in Frameworks */ = {isa = PBXBuildFile; fileRef = 749EF05E2926F5F300E6AECF /* AVKit.framework */; };
		74B90BB82921B77600AA6C3D /* HomeViewRow.swift in Sources */ = {isa = PBXBuildFile; fileRef = 74B90BB72921B77600AA6C3D /* HomeViewRow.swift */; };
		74B90BD42925C3F700AA6C3D /* ContentLessonView.swift in Sources */ = {isa = PBXBuildFile; fileRef = 74B90BD32925C3F700AA6C3D /* ContentLessonView.swift */; };
		74B90BD62925CC2C00AA6C3D /* ContentLessonViewRow.swift in Sources */ = {isa = PBXBuildFile; fileRef = 74B90BD52925CC2C00AA6C3D /* ContentLessonViewRow.swift */; };
/* End PBXBuildFile section */

/* Begin PBXFileReference section */
		742121962915B4FA0049058C /* data.json */ = {isa = PBXFileReference; fileEncoding = 4; lastKnownFileType = text.json; path = data.json; sourceTree = "<group>"; };
		742121972915B4FA0049058C /* style.html */ = {isa = PBXFileReference; fileEncoding = 4; lastKnownFileType = text.html; path = style.html; sourceTree = "<group>"; };
		7421219A2915B8600049058C /* Models.swift */ = {isa = PBXFileReference; lastKnownFileType = sourcecode.swift; path = Models.swift; sourceTree = "<group>"; };
		7430EA9B29297E7C00D2156C /* Constants.swift */ = {isa = PBXFileReference; lastKnownFileType = sourcecode.swift; path = Constants.swift; sourceTree = "<group>"; };
		74576DBC290EDCDB00A761B4 /* LearningApp-CWC-5.app */ = {isa = PBXFileReference; explicitFileType = wrapper.application; includeInIndex = 0; path = "LearningApp-CWC-5.app"; sourceTree = BUILT_PRODUCTS_DIR; };
		74576DBF290EDCDB00A761B4 /* LearningApp_CWC_5App.swift */ = {isa = PBXFileReference; lastKnownFileType = sourcecode.swift; path = LearningApp_CWC_5App.swift; sourceTree = "<group>"; };
		74576DC1290EDCDB00A761B4 /* HomeView.swift */ = {isa = PBXFileReference; lastKnownFileType = sourcecode.swift; path = HomeView.swift; sourceTree = "<group>"; };
		74576DC3290EDCE000A761B4 /* Assets.xcassets */ = {isa = PBXFileReference; lastKnownFileType = folder.assetcatalog; path = Assets.xcassets; sourceTree = "<group>"; };
		74576DC6290EDCE000A761B4 /* Preview Assets.xcassets */ = {isa = PBXFileReference; lastKnownFileType = folder.assetcatalog; path = "Preview Assets.xcassets"; sourceTree = "<group>"; };
		74576DD2290EDEF900A761B4 /* ContentViewModel.swift */ = {isa = PBXFileReference; lastKnownFileType = sourcecode.swift; path = ContentViewModel.swift; sourceTree = "<group>"; };
		749EF05B2926F34300E6AECF /* ContentDetailView.swift */ = {isa = PBXFileReference; lastKnownFileType = sourcecode.swift; path = ContentDetailView.swift; sourceTree = "<group>"; };
		749EF05E2926F5F300E6AECF /* AVKit.framework */ = {isa = PBXFileReference; lastKnownFileType = wrapper.framework; name = AVKit.framework; path = System/Library/Frameworks/AVKit.framework; sourceTree = SDKROOT; };
		74B90BB72921B77600AA6C3D /* HomeViewRow.swift */ = {isa = PBXFileReference; lastKnownFileType = sourcecode.swift; path = HomeViewRow.swift; sourceTree = "<group>"; };
		74B90BD32925C3F700AA6C3D /* ContentLessonView.swift */ = {isa = PBXFileReference; lastKnownFileType = sourcecode.swift; path = ContentLessonView.swift; sourceTree = "<group>"; };
		74B90BD52925CC2C00AA6C3D /* ContentLessonViewRow.swift */ = {isa = PBXFileReference; lastKnownFileType = sourcecode.swift; path = ContentLessonViewRow.swift; sourceTree = "<group>"; };
/* End PBXFileReference section */

/* Begin PBXFrameworksBuildPhase section */
		74576DB9290EDCDB00A761B4 /* Frameworks */ = {
			isa = PBXFrameworksBuildPhase;
			buildActionMask = 2147483647;
			files = (
				749EF05F2926F5F300E6AECF /* AVKit.framework in Frameworks */,
			);
			runOnlyForDeploymentPostprocessing = 0;
		};
/* End PBXFrameworksBuildPhase section */

/* Begin PBXGroup section */
		74576DB3290EDCDB00A761B4 = {
			isa = PBXGroup;
			children = (
				74576DBE290EDCDB00A761B4 /* LearningApp-CWC-5 */,
				74576DBD290EDCDB00A761B4 /* Products */,
				749EF05D2926F5F200E6AECF /* Frameworks */,
			);
			sourceTree = "<group>";
		};
		74576DBD290EDCDB00A761B4 /* Products */ = {
			isa = PBXGroup;
			children = (
				74576DBC290EDCDB00A761B4 /* LearningApp-CWC-5.app */,
			);
			name = Products;
			sourceTree = "<group>";
		};
		74576DBE290EDCDB00A761B4 /* LearningApp-CWC-5 */ = {
			isa = PBXGroup;
			children = (
				74576DBF290EDCDB00A761B4 /* LearningApp_CWC_5App.swift */,
				74576DD1290EDE5E00A761B4 /* Resources */,
				74576DD0290EDE5700A761B4 /* Utilities */,
				74576DCE290EDE4700A761B4 /* Models */,
				74576DCF290EDE5000A761B4 /* ViewModel */,
				74576DCD290EDE4000A761B4 /* Views */,
				74576DC3290EDCE000A761B4 /* Assets.xcassets */,
				74576DC5290EDCE000A761B4 /* Preview Content */,
			);
			path = "LearningApp-CWC-5";
			sourceTree = "<group>";
		};
		74576DC5290EDCE000A761B4 /* Preview Content */ = {
			isa = PBXGroup;
			children = (
				74576DC6290EDCE000A761B4 /* Preview Assets.xcassets */,
			);
			path = "Preview Content";
			sourceTree = "<group>";
		};
		74576DCD290EDE4000A761B4 /* Views */ = {
			isa = PBXGroup;
			children = (
				74576DC1290EDCDB00A761B4 /* HomeView.swift */,
				74B90BD32925C3F700AA6C3D /* ContentLessonView.swift */,
				74B90BD52925CC2C00AA6C3D /* ContentLessonViewRow.swift */,
				74B90BB72921B77600AA6C3D /* HomeViewRow.swift */,
				749EF05B2926F34300E6AECF /* ContentDetailView.swift */,
			);
			path = Views;
			sourceTree = "<group>";
		};
		74576DCE290EDE4700A761B4 /* Models */ = {
			isa = PBXGroup;
			children = (
				7421219A2915B8600049058C /* Models.swift */,
			);
			path = Models;
			sourceTree = "<group>";
		};
		74576DCF290EDE5000A761B4 /* ViewModel */ = {
			isa = PBXGroup;
			children = (
				74576DD2290EDEF900A761B4 /* ContentViewModel.swift */,
			);
			path = ViewModel;
			sourceTree = "<group>";
		};
		74576DD0290EDE5700A761B4 /* Utilities */ = {
			isa = PBXGroup;
			children = (
			);
			path = Utilities;
			sourceTree = "<group>";
		};
		74576DD1290EDE5E00A761B4 /* Resources */ = {
			isa = PBXGroup;
			children = (
				742121962915B4FA0049058C /* data.json */,
				742121972915B4FA0049058C /* style.html */,
				7430EA9B29297E7C00D2156C /* Constants.swift */,
			);
			path = Resources;
			sourceTree = "<group>";
		};
		749EF05D2926F5F200E6AECF /* Frameworks */ = {
			isa = PBXGroup;
			children = (
				749EF05E2926F5F300E6AECF /* AVKit.framework */,
			);
			name = Frameworks;
			sourceTree = "<group>";
		};
/* End PBXGroup section */

/* Begin PBXNativeTarget section */
		74576DBB290EDCDB00A761B4 /* LearningApp-CWC-5 */ = {
			isa = PBXNativeTarget;
			buildConfigurationList = 74576DCA290EDCE000A761B4 /* Build configuration list for PBXNativeTarget "LearningApp-CWC-5" */;
			buildPhases = (
				74576DB8290EDCDB00A761B4 /* Sources */,
				74576DB9290EDCDB00A761B4 /* Frameworks */,
				74576DBA290EDCDB00A761B4 /* Resources */,
			);
			buildRules = (
			);
			dependencies = (
			);
			name = "LearningApp-CWC-5";
			productName = "LearningApp-CWC-5";
			productReference = 74576DBC290EDCDB00A761B4 /* LearningApp-CWC-5.app */;
			productType = "com.apple.product-type.application";
		};
/* End PBXNativeTarget section */

/* Begin PBXProject section */
		74576DB4290EDCDB00A761B4 /* Project object */ = {
			isa = PBXProject;
			attributes = {
				BuildIndependentTargetsInParallel = 1;
				LastSwiftUpdateCheck = 1400;
				LastUpgradeCheck = 1400;
				TargetAttributes = {
					74576DBB290EDCDB00A761B4 = {
						CreatedOnToolsVersion = 14.0.1;
					};
				};
			};
			buildConfigurationList = 74576DB7290EDCDB00A761B4 /* Build configuration list for PBXProject "LearningApp-CWC-5" */;
			compatibilityVersion = "Xcode 14.0";
			developmentRegion = en;
			hasScannedForEncodings = 0;
			knownRegions = (
				en,
				Base,
			);
			mainGroup = 74576DB3290EDCDB00A761B4;
			productRefGroup = 74576DBD290EDCDB00A761B4 /* Products */;
			projectDirPath = "";
			projectRoot = "";
			targets = (
				74576DBB290EDCDB00A761B4 /* LearningApp-CWC-5 */,
			);
		};
/* End PBXProject section */

/* Begin PBXResourcesBuildPhase section */
		74576DBA290EDCDB00A761B4 /* Resources */ = {
			isa = PBXResourcesBuildPhase;
			buildActionMask = 2147483647;
			files = (
				74576DC7290EDCE000A761B4 /* Preview Assets.xcassets in Resources */,
				742121982915B4FA0049058C /* data.json in Resources */,
				742121992915B4FA0049058C /* style.html in Resources */,
				74576DC4290EDCE000A761B4 /* Assets.xcassets in Resources */,
			);
			runOnlyForDeploymentPostprocessing = 0;
		};
/* End PBXResourcesBuildPhase section */

/* Begin PBXSourcesBuildPhase section */
		74576DB8290EDCDB00A761B4 /* Sources */ = {
			isa = PBXSourcesBuildPhase;
			buildActionMask = 2147483647;
			files = (
				74B90BD42925C3F700AA6C3D /* ContentLessonView.swift in Sources */,
				74576DC2290EDCDB00A761B4 /* HomeView.swift in Sources */,
				74B90BB82921B77600AA6C3D /* HomeViewRow.swift in Sources */,
				749EF05C2926F34300E6AECF /* ContentDetailView.swift in Sources */,
				74576DC0290EDCDB00A761B4 /* LearningApp_CWC_5App.swift in Sources */,
				74B90BD62925CC2C00AA6C3D /* ContentLessonViewRow.swift in Sources */,
				74576DD3290EDEF900A761B4 /* ContentViewModel.swift in Sources */,
				7421219B2915B8600049058C /* Models.swift in Sources */,
				7430EA9C29297E7C00D2156C /* Constants.swift in Sources */,
			);
			runOnlyForDeploymentPostprocessing = 0;
		};
/* End PBXSourcesBuildPhase section */

/* Begin XCBuildConfiguration section */
		74576DC8290EDCE000A761B4 /* Debug */ = {
			isa = XCBuildConfiguration;
			buildSettings = {
				ALWAYS_SEARCH_USER_PATHS = NO;
				CLANG_ANALYZER_NONNULL = YES;
				CLANG_ANALYZER_NUMBER_OBJECT_CONVERSION = YES_AGGRESSIVE;
				CLANG_CXX_LANGUAGE_STANDARD = "gnu++20";
				CLANG_ENABLE_MODULES = YES;
				CLANG_ENABLE_OBJC_ARC = YES;
				CLANG_ENABLE_OBJC_WEAK = YES;
				CLANG_WARN_BLOCK_CAPTURE_AUTORELEASING = YES;
				CLANG_WARN_BOOL_CONVERSION = YES;
				CLANG_WARN_COMMA = YES;
				CLANG_WARN_CONSTANT_CONVERSION = YES;
				CLANG_WARN_DEPRECATED_OBJC_IMPLEMENTATIONS = YES;
				CLANG_WARN_DIRECT_OBJC_ISA_USAGE = YES_ERROR;
				CLANG_WARN_DOCUMENTATION_COMMENTS = YES;
				CLANG_WARN_EMPTY_BODY = YES;
				CLANG_WARN_ENUM_CONVERSION = YES;
				CLANG_WARN_INFINITE_RECURSION = YES;
				CLANG_WARN_INT_CONVERSION = YES;
				CLANG_WARN_NON_LITERAL_NULL_CONVERSION = YES;
				CLANG_WARN_OBJC_IMPLICIT_RETAIN_SELF = YES;
				CLANG_WARN_OBJC_LITERAL_CONVERSION = YES;
				CLANG_WARN_OBJC_ROOT_CLASS = YES_ERROR;
				CLANG_WARN_QUOTED_INCLUDE_IN_FRAMEWORK_HEADER = YES;
				CLANG_WARN_RANGE_LOOP_ANALYSIS = YES;
				CLANG_WARN_STRICT_PROTOTYPES = YES;
				CLANG_WARN_SUSPICIOUS_MOVE = YES;
				CLANG_WARN_UNGUARDED_AVAILABILITY = YES_AGGRESSIVE;
				CLANG_WARN_UNREACHABLE_CODE = YES;
				CLANG_WARN__DUPLICATE_METHOD_MATCH = YES;
				COPY_PHASE_STRIP = NO;
				DEBUG_INFORMATION_FORMAT = dwarf;
				ENABLE_STRICT_OBJC_MSGSEND = YES;
				ENABLE_TESTABILITY = YES;
				GCC_C_LANGUAGE_STANDARD = gnu11;
				GCC_DYNAMIC_NO_PIC = NO;
				GCC_NO_COMMON_BLOCKS = YES;
				GCC_OPTIMIZATION_LEVEL = 0;
				GCC_PREPROCESSOR_DEFINITIONS = (
					"DEBUG=1",
					"$(inherited)",
				);
				GCC_WARN_64_TO_32_BIT_CONVERSION = YES;
				GCC_WARN_ABOUT_RETURN_TYPE = YES_ERROR;
				GCC_WARN_UNDECLARED_SELECTOR = YES;
				GCC_WARN_UNINITIALIZED_AUTOS = YES_AGGRESSIVE;
				GCC_WARN_UNUSED_FUNCTION = YES;
				GCC_WARN_UNUSED_VARIABLE = YES;
				IPHONEOS_DEPLOYMENT_TARGET = 16.0;
				MTL_ENABLE_DEBUG_INFO = INCLUDE_SOURCE;
				MTL_FAST_MATH = YES;
				ONLY_ACTIVE_ARCH = YES;
				SDKROOT = iphoneos;
				SWIFT_ACTIVE_COMPILATION_CONDITIONS = DEBUG;
				SWIFT_OPTIMIZATION_LEVEL = "-Onone";
			};
			name = Debug;
		};
		74576DC9290EDCE000A761B4 /* Release */ = {
			isa = XCBuildConfiguration;
			buildSettings = {
				ALWAYS_SEARCH_USER_PATHS = NO;
				CLANG_ANALYZER_NONNULL = YES;
				CLANG_ANALYZER_NUMBER_OBJECT_CONVERSION = YES_AGGRESSIVE;
				CLANG_CXX_LANGUAGE_STANDARD = "gnu++20";
				CLANG_ENABLE_MODULES = YES;
				CLANG_ENABLE_OBJC_ARC = YES;
				CLANG_ENABLE_OBJC_WEAK = YES;
				CLANG_WARN_BLOCK_CAPTURE_AUTORELEASING = YES;
				CLANG_WARN_BOOL_CONVERSION = YES;
				CLANG_WARN_COMMA = YES;
				CLANG_WARN_CONSTANT_CONVERSION = YES;
				CLANG_WARN_DEPRECATED_OBJC_IMPLEMENTATIONS = YES;
				CLANG_WARN_DIRECT_OBJC_ISA_USAGE = YES_ERROR;
				CLANG_WARN_DOCUMENTATION_COMMENTS = YES;
				CLANG_WARN_EMPTY_BODY = YES;
				CLANG_WARN_ENUM_CONVERSION = YES;
				CLANG_WARN_INFINITE_RECURSION = YES;
				CLANG_WARN_INT_CONVERSION = YES;
				CLANG_WARN_NON_LITERAL_NULL_CONVERSION = YES;
				CLANG_WARN_OBJC_IMPLICIT_RETAIN_SELF = YES;
				CLANG_WARN_OBJC_LITERAL_CONVERSION = YES;
				CLANG_WARN_OBJC_ROOT_CLASS = YES_ERROR;
				CLANG_WARN_QUOTED_INCLUDE_IN_FRAMEWORK_HEADER = YES;
				CLANG_WARN_RANGE_LOOP_ANALYSIS = YES;
				CLANG_WARN_STRICT_PROTOTYPES = YES;
				CLANG_WARN_SUSPICIOUS_MOVE = YES;
				CLANG_WARN_UNGUARDED_AVAILABILITY = YES_AGGRESSIVE;
				CLANG_WARN_UNREACHABLE_CODE = YES;
				CLANG_WARN__DUPLICATE_METHOD_MATCH = YES;
				COPY_PHASE_STRIP = NO;
				DEBUG_INFORMATION_FORMAT = "dwarf-with-dsym";
				ENABLE_NS_ASSERTIONS = NO;
				ENABLE_STRICT_OBJC_MSGSEND = YES;
				GCC_C_LANGUAGE_STANDARD = gnu11;
				GCC_NO_COMMON_BLOCKS = YES;
				GCC_WARN_64_TO_32_BIT_CONVERSION = YES;
				GCC_WARN_ABOUT_RETURN_TYPE = YES_ERROR;
				GCC_WARN_UNDECLARED_SELECTOR = YES;
				GCC_WARN_UNINITIALIZED_AUTOS = YES_AGGRESSIVE;
				GCC_WARN_UNUSED_FUNCTION = YES;
				GCC_WARN_UNUSED_VARIABLE = YES;
				IPHONEOS_DEPLOYMENT_TARGET = 16.0;
				MTL_ENABLE_DEBUG_INFO = NO;
				MTL_FAST_MATH = YES;
				SDKROOT = iphoneos;
				SWIFT_COMPILATION_MODE = wholemodule;
				SWIFT_OPTIMIZATION_LEVEL = "-O";
				VALIDATE_PRODUCT = YES;
			};
			name = Release;
		};
		74576DCB290EDCE000A761B4 /* Debug */ = {
			isa = XCBuildConfiguration;
			buildSettings = {
				ASSETCATALOG_COMPILER_APPICON_NAME = AppIcon;
				ASSETCATALOG_COMPILER_GLOBAL_ACCENT_COLOR_NAME = AccentColor;
				CODE_SIGN_STYLE = Automatic;
				CURRENT_PROJECT_VERSION = 1;
				DEVELOPMENT_ASSET_PATHS = "\"LearningApp-CWC-5/Preview Content\"";
				DEVELOPMENT_TEAM = 95Y447U3W5;
				ENABLE_PREVIEWS = YES;
				GENERATE_INFOPLIST_FILE = YES;
				INFOPLIST_KEY_UIApplicationSceneManifest_Generation = YES;
				INFOPLIST_KEY_UIApplicationSupportsIndirectInputEvents = YES;
				INFOPLIST_KEY_UILaunchScreen_Generation = YES;
				INFOPLIST_KEY_UISupportedInterfaceOrientations_iPad = "UIInterfaceOrientationPortrait UIInterfaceOrientationPortraitUpsideDown UIInterfaceOrientationLandscapeLeft UIInterfaceOrientationLandscapeRight";
				INFOPLIST_KEY_UISupportedInterfaceOrientations_iPhone = "UIInterfaceOrientationPortrait UIInterfaceOrientationLandscapeLeft UIInterfaceOrientationLandscapeRight";
				LD_RUNPATH_SEARCH_PATHS = (
					"$(inherited)",
					"@executable_path/Frameworks",
				);
				MARKETING_VERSION = 1.0;
				PRODUCT_BUNDLE_IDENTIFIER = "com.kevinjeon.LearningApp-CWC-5";
				PRODUCT_NAME = "$(TARGET_NAME)";
				SWIFT_EMIT_LOC_STRINGS = YES;
				SWIFT_VERSION = 5.0;
				TARGETED_DEVICE_FAMILY = "1,2";
			};
			name = Debug;
		};
		74576DCC290EDCE000A761B4 /* Release */ = {
			isa = XCBuildConfiguration;
			buildSettings = {
				ASSETCATALOG_COMPILER_APPICON_NAME = AppIcon;
				ASSETCATALOG_COMPILER_GLOBAL_ACCENT_COLOR_NAME = AccentColor;
				CODE_SIGN_STYLE = Automatic;
				CURRENT_PROJECT_VERSION = 1;
				DEVELOPMENT_ASSET_PATHS = "\"LearningApp-CWC-5/Preview Content\"";
				DEVELOPMENT_TEAM = 95Y447U3W5;
				ENABLE_PREVIEWS = YES;
				GENERATE_INFOPLIST_FILE = YES;
				INFOPLIST_KEY_UIApplicationSceneManifest_Generation = YES;
				INFOPLIST_KEY_UIApplicationSupportsIndirectInputEvents = YES;
				INFOPLIST_KEY_UILaunchScreen_Generation = YES;
				INFOPLIST_KEY_UISupportedInterfaceOrientations_iPad = "UIInterfaceOrientationPortrait UIInterfaceOrientationPortraitUpsideDown UIInterfaceOrientationLandscapeLeft UIInterfaceOrientationLandscapeRight";
				INFOPLIST_KEY_UISupportedInterfaceOrientations_iPhone = "UIInterfaceOrientationPortrait UIInterfaceOrientationLandscapeLeft UIInterfaceOrientationLandscapeRight";
				LD_RUNPATH_SEARCH_PATHS = (
					"$(inherited)",
					"@executable_path/Frameworks",
				);
				MARKETING_VERSION = 1.0;
				PRODUCT_BUNDLE_IDENTIFIER = "com.kevinjeon.LearningApp-CWC-5";
				PRODUCT_NAME = "$(TARGET_NAME)";
				SWIFT_EMIT_LOC_STRINGS = YES;
				SWIFT_VERSION = 5.0;
				TARGETED_DEVICE_FAMILY = "1,2";
			};
			name = Release;
		};
/* End XCBuildConfiguration section */

/* Begin XCConfigurationList section */
		74576DB7290EDCDB00A761B4 /* Build configuration list for PBXProject "LearningApp-CWC-5" */ = {
			isa = XCConfigurationList;
			buildConfigurations = (
				74576DC8290EDCE000A761B4 /* Debug */,
				74576DC9290EDCE000A761B4 /* Release */,
			);
			defaultConfigurationIsVisible = 0;
			defaultConfigurationName = Release;
		};
		74576DCA290EDCE000A761B4 /* Build configuration list for PBXNativeTarget "LearningApp-CWC-5" */ = {
			isa = XCConfigurationList;
			buildConfigurations = (
				74576DCB290EDCE000A761B4 /* Debug */,
				74576DCC290EDCE000A761B4 /* Release */,
			);
			defaultConfigurationIsVisible = 0;
			defaultConfigurationName = Release;
		};
/* End XCConfigurationList section */
	};
	rootObject = 74576DB4290EDCDB00A761B4 /* Project object */;
}
